// !$*UTF8*$!
{
	archiveVersion = 1;
	classes = {
	};
	objectVersion = 55;
	objects = {

/* Begin PBXBuildFile section */
		980721122903A26100C20D4B /* ListPhotos.swift in Sources */ = {isa = PBXBuildFile; fileRef = 980721112903A26100C20D4B /* ListPhotos.swift */; };
		980721142903AE1500C20D4B /* ListPhotosViewController.swift in Sources */ = {isa = PBXBuildFile; fileRef = 980721132903AE1500C20D4B /* ListPhotosViewController.swift */; };
		980721162903BAC100C20D4B /* GetSinglePhotoViewController.swift in Sources */ = {isa = PBXBuildFile; fileRef = 980721152903BAC100C20D4B /* GetSinglePhotoViewController.swift */; };
		980721182903BAD000C20D4B /* GetRandomPhotoViewController.swift in Sources */ = {isa = PBXBuildFile; fileRef = 980721172903BAD000C20D4B /* GetRandomPhotoViewController.swift */; };
		9807211A2903BD2300C20D4B /* RandomPhoto.swift in Sources */ = {isa = PBXBuildFile; fileRef = 980721192903BD2300C20D4B /* RandomPhoto.swift */; };
		9807211C2903BD2F00C20D4B /* SinglePhoto.swift in Sources */ = {isa = PBXBuildFile; fileRef = 9807211B2903BD2F00C20D4B /* SinglePhoto.swift */; };
		9831A4172908B63F00DA2618 /* RxNewsViewModel.swift in Sources */ = {isa = PBXBuildFile; fileRef = 9831A4162908B63F00DA2618 /* RxNewsViewModel.swift */; };
		9831A4192908B7D500DA2618 /* RxNewsViewController.swift in Sources */ = {isa = PBXBuildFile; fileRef = 9831A4182908B7D500DA2618 /* RxNewsViewController.swift */; };
		9831A41B2908BABF00DA2618 /* RxMVVMDiffableCollectionViewController.swift in Sources */ = {isa = PBXBuildFile; fileRef = 9831A41A2908BABF00DA2618 /* RxMVVMDiffableCollectionViewController.swift */; };
		9831A41D2908BB5800DA2618 /* RxDiffableViewModel.swift in Sources */ = {isa = PBXBuildFile; fileRef = 9831A41C2908BB5800DA2618 /* RxDiffableViewModel.swift */; };
		9831A41F2908CC0500DA2618 /* SubscribeViewController.swift in Sources */ = {isa = PBXBuildFile; fileRef = 9831A41E2908CC0500DA2618 /* SubscribeViewController.swift */; };
		9846D19628FEBD0D006195FD /* PracticeCollectionViewController.swift in Sources */ = {isa = PBXBuildFile; fileRef = 9846D19528FEBD0D006195FD /* PracticeCollectionViewController.swift */; };
		988563FC28FE2734008DDEF6 /* AppDelegate.swift in Sources */ = {isa = PBXBuildFile; fileRef = 988563FB28FE2734008DDEF6 /* AppDelegate.swift */; };
		988563FE28FE2734008DDEF6 /* SceneDelegate.swift in Sources */ = {isa = PBXBuildFile; fileRef = 988563FD28FE2734008DDEF6 /* SceneDelegate.swift */; };
		9885640328FE2734008DDEF6 /* Main.storyboard in Resources */ = {isa = PBXBuildFile; fileRef = 9885640128FE2734008DDEF6 /* Main.storyboard */; };
		9885640528FE2739008DDEF6 /* Assets.xcassets in Resources */ = {isa = PBXBuildFile; fileRef = 9885640428FE2739008DDEF6 /* Assets.xcassets */; };
		9885640828FE2739008DDEF6 /* LaunchScreen.storyboard in Resources */ = {isa = PBXBuildFile; fileRef = 9885640628FE2739008DDEF6 /* LaunchScreen.storyboard */; };
		9885641028FE324A008DDEF6 /* SimpleTableViewController.swift in Sources */ = {isa = PBXBuildFile; fileRef = 9885640F28FE324A008DDEF6 /* SimpleTableViewController.swift */; };
		9885641228FE3909008DDEF6 /* SimpleCollectionViewController.swift in Sources */ = {isa = PBXBuildFile; fileRef = 9885641128FE3909008DDEF6 /* SimpleCollectionViewController.swift */; };
		9886A759290622A900F22641 /* RxCocoa in Frameworks */ = {isa = PBXBuildFile; productRef = 9886A758290622A900F22641 /* RxCocoa */; };
		9886A75B290622A900F22641 /* RxSwift in Frameworks */ = {isa = PBXBuildFile; productRef = 9886A75A290622A900F22641 /* RxSwift */; };
		9886A75E290625CF00F22641 /* RxCocoaExampleViewController.swift in Sources */ = {isa = PBXBuildFile; fileRef = 9886A75D290625CF00F22641 /* RxCocoaExampleViewController.swift */; };
		989D4F0329077A4A007B608F /* SubjectViewController.swift in Sources */ = {isa = PBXBuildFile; fileRef = 989D4F0229077A4A007B608F /* SubjectViewController.swift */; };
		989D4F05290788AD007B608F /* SubjectViewModel.swift in Sources */ = {isa = PBXBuildFile; fileRef = 989D4F04290788AD007B608F /* SubjectViewModel.swift */; };
		98C069A228FF90880092337E /* DiffableCollectionViewController.swift in Sources */ = {isa = PBXBuildFile; fileRef = 98C069A128FF90880092337E /* DiffableCollectionViewController.swift */; };
		98D9B012290F76A60063741B /* RxAlamofire in Frameworks */ = {isa = PBXBuildFile; productRef = 98D9B011290F76A60063741B /* RxAlamofire */; };
		98D9B015290F77540063741B /* Differentiator in Frameworks */ = {isa = PBXBuildFile; productRef = 98D9B014290F77540063741B /* Differentiator */; };
		98D9B017290F77540063741B /* RxDataSources in Frameworks */ = {isa = PBXBuildFile; productRef = 98D9B016290F77540063741B /* RxDataSources */; };
		98DCFB15290A07F60022252C /* ValidationViewController.swift in Sources */ = {isa = PBXBuildFile; fileRef = 98DCFB14290A07F60022252C /* ValidationViewController.swift */; };
		98DCFB17290A22DB0022252C /* ValidationViewModel.swift in Sources */ = {isa = PBXBuildFile; fileRef = 98DCFB16290A22DB0022252C /* ValidationViewModel.swift */; };
		98FCD8A62900C94D00502E63 /* APIKey.swift in Sources */ = {isa = PBXBuildFile; fileRef = 98FCD8A52900C94D00502E63 /* APIKey.swift */; };
		98FCD8A92900CF8D00502E63 /* CObservable.swift in Sources */ = {isa = PBXBuildFile; fileRef = 98FCD8A82900CF8D00502E63 /* CObservable.swift */; };
		98FCD8AB2900D14300502E63 /* NewsViewController.swift in Sources */ = {isa = PBXBuildFile; fileRef = 98FCD8AA2900D14300502E63 /* NewsViewController.swift */; };
		98FCD8AF2900D27000502E63 /* NewsViewModel.swift in Sources */ = {isa = PBXBuildFile; fileRef = 98FCD8AE2900D27000502E63 /* NewsViewModel.swift */; };
		98FCD8B12900D78200502E63 /* News.swift in Sources */ = {isa = PBXBuildFile; fileRef = 98FCD8B02900D78200502E63 /* News.swift */; };
		98FCD8B52900EE0400502E63 /* APIService.swift in Sources */ = {isa = PBXBuildFile; fileRef = 98FCD8B42900EE0400502E63 /* APIService.swift */; };
		98FCD8B72900EF8800502E63 /* SearchPhoto.swift in Sources */ = {isa = PBXBuildFile; fileRef = 98FCD8B62900EF8800502E63 /* SearchPhoto.swift */; };
		98FCD8BF2900F4AF00502E63 /* DiffableViewModel.swift in Sources */ = {isa = PBXBuildFile; fileRef = 98FCD8BE2900F4AF00502E63 /* DiffableViewModel.swift */; };
		98FCD8C329015AE900502E63 /* MVVMDiffableCollectionViewController.swift in Sources */ = {isa = PBXBuildFile; fileRef = 98FCD8C229015AE900502E63 /* MVVMDiffableCollectionViewController.swift */; };
/* End PBXBuildFile section */

/* Begin PBXFileReference section */
		980721112903A26100C20D4B /* ListPhotos.swift */ = {isa = PBXFileReference; lastKnownFileType = sourcecode.swift; path = ListPhotos.swift; sourceTree = "<group>"; };
		980721132903AE1500C20D4B /* ListPhotosViewController.swift */ = {isa = PBXFileReference; lastKnownFileType = sourcecode.swift; path = ListPhotosViewController.swift; sourceTree = "<group>"; };
		980721152903BAC100C20D4B /* GetSinglePhotoViewController.swift */ = {isa = PBXFileReference; lastKnownFileType = sourcecode.swift; path = GetSinglePhotoViewController.swift; sourceTree = "<group>"; };
		980721172903BAD000C20D4B /* GetRandomPhotoViewController.swift */ = {isa = PBXFileReference; lastKnownFileType = sourcecode.swift; path = GetRandomPhotoViewController.swift; sourceTree = "<group>"; };
		980721192903BD2300C20D4B /* RandomPhoto.swift */ = {isa = PBXFileReference; lastKnownFileType = sourcecode.swift; path = RandomPhoto.swift; sourceTree = "<group>"; };
		9807211B2903BD2F00C20D4B /* SinglePhoto.swift */ = {isa = PBXFileReference; lastKnownFileType = sourcecode.swift; path = SinglePhoto.swift; sourceTree = "<group>"; };
		9831A4162908B63F00DA2618 /* RxNewsViewModel.swift */ = {isa = PBXFileReference; lastKnownFileType = sourcecode.swift; path = RxNewsViewModel.swift; sourceTree = "<group>"; };
		9831A4182908B7D500DA2618 /* RxNewsViewController.swift */ = {isa = PBXFileReference; lastKnownFileType = sourcecode.swift; path = RxNewsViewController.swift; sourceTree = "<group>"; };
		9831A41A2908BABF00DA2618 /* RxMVVMDiffableCollectionViewController.swift */ = {isa = PBXFileReference; lastKnownFileType = sourcecode.swift; path = RxMVVMDiffableCollectionViewController.swift; sourceTree = "<group>"; };
		9831A41C2908BB5800DA2618 /* RxDiffableViewModel.swift */ = {isa = PBXFileReference; lastKnownFileType = sourcecode.swift; path = RxDiffableViewModel.swift; sourceTree = "<group>"; };
		9831A41E2908CC0500DA2618 /* SubscribeViewController.swift */ = {isa = PBXFileReference; lastKnownFileType = sourcecode.swift; path = SubscribeViewController.swift; sourceTree = "<group>"; };
		9846D19528FEBD0D006195FD /* PracticeCollectionViewController.swift */ = {isa = PBXFileReference; lastKnownFileType = sourcecode.swift; path = PracticeCollectionViewController.swift; sourceTree = "<group>"; };
		988563F828FE2734008DDEF6 /* Week16,17.app */ = {isa = PBXFileReference; explicitFileType = wrapper.application; includeInIndex = 0; path = "Week16,17.app"; sourceTree = BUILT_PRODUCTS_DIR; };
		988563FB28FE2734008DDEF6 /* AppDelegate.swift */ = {isa = PBXFileReference; lastKnownFileType = sourcecode.swift; path = AppDelegate.swift; sourceTree = "<group>"; };
		988563FD28FE2734008DDEF6 /* SceneDelegate.swift */ = {isa = PBXFileReference; lastKnownFileType = sourcecode.swift; path = SceneDelegate.swift; sourceTree = "<group>"; };
		9885640228FE2734008DDEF6 /* Base */ = {isa = PBXFileReference; lastKnownFileType = file.storyboard; name = Base; path = Base.lproj/Main.storyboard; sourceTree = "<group>"; };
		9885640428FE2739008DDEF6 /* Assets.xcassets */ = {isa = PBXFileReference; lastKnownFileType = folder.assetcatalog; path = Assets.xcassets; sourceTree = "<group>"; };
		9885640728FE2739008DDEF6 /* Base */ = {isa = PBXFileReference; lastKnownFileType = file.storyboard; name = Base; path = Base.lproj/LaunchScreen.storyboard; sourceTree = "<group>"; };
		9885640928FE2739008DDEF6 /* Info.plist */ = {isa = PBXFileReference; lastKnownFileType = text.plist.xml; path = Info.plist; sourceTree = "<group>"; };
		9885640F28FE324A008DDEF6 /* SimpleTableViewController.swift */ = {isa = PBXFileReference; lastKnownFileType = sourcecode.swift; path = SimpleTableViewController.swift; sourceTree = "<group>"; };
		9885641128FE3909008DDEF6 /* SimpleCollectionViewController.swift */ = {isa = PBXFileReference; lastKnownFileType = sourcecode.swift; path = SimpleCollectionViewController.swift; sourceTree = "<group>"; };
		9886A75D290625CF00F22641 /* RxCocoaExampleViewController.swift */ = {isa = PBXFileReference; lastKnownFileType = sourcecode.swift; path = RxCocoaExampleViewController.swift; sourceTree = "<group>"; };
		989D4F0229077A4A007B608F /* SubjectViewController.swift */ = {isa = PBXFileReference; lastKnownFileType = sourcecode.swift; path = SubjectViewController.swift; sourceTree = "<group>"; };
		989D4F04290788AD007B608F /* SubjectViewModel.swift */ = {isa = PBXFileReference; lastKnownFileType = sourcecode.swift; path = SubjectViewModel.swift; sourceTree = "<group>"; };
		98C069A128FF90880092337E /* DiffableCollectionViewController.swift */ = {isa = PBXFileReference; lastKnownFileType = sourcecode.swift; path = DiffableCollectionViewController.swift; sourceTree = "<group>"; };
		98DCFB14290A07F60022252C /* ValidationViewController.swift */ = {isa = PBXFileReference; lastKnownFileType = sourcecode.swift; path = ValidationViewController.swift; sourceTree = "<group>"; };
		98DCFB16290A22DB0022252C /* ValidationViewModel.swift */ = {isa = PBXFileReference; lastKnownFileType = sourcecode.swift; path = ValidationViewModel.swift; sourceTree = "<group>"; };
		98FCD8A52900C94D00502E63 /* APIKey.swift */ = {isa = PBXFileReference; lastKnownFileType = sourcecode.swift; path = APIKey.swift; sourceTree = "<group>"; };
		98FCD8A82900CF8D00502E63 /* CObservable.swift */ = {isa = PBXFileReference; lastKnownFileType = sourcecode.swift; path = CObservable.swift; sourceTree = "<group>"; };
		98FCD8AA2900D14300502E63 /* NewsViewController.swift */ = {isa = PBXFileReference; lastKnownFileType = sourcecode.swift; path = NewsViewController.swift; sourceTree = "<group>"; };
		98FCD8AE2900D27000502E63 /* NewsViewModel.swift */ = {isa = PBXFileReference; lastKnownFileType = sourcecode.swift; path = NewsViewModel.swift; sourceTree = "<group>"; };
		98FCD8B02900D78200502E63 /* News.swift */ = {isa = PBXFileReference; lastKnownFileType = sourcecode.swift; path = News.swift; sourceTree = "<group>"; };
		98FCD8B42900EE0400502E63 /* APIService.swift */ = {isa = PBXFileReference; lastKnownFileType = sourcecode.swift; path = APIService.swift; sourceTree = "<group>"; };
		98FCD8B62900EF8800502E63 /* SearchPhoto.swift */ = {isa = PBXFileReference; lastKnownFileType = sourcecode.swift; path = SearchPhoto.swift; sourceTree = "<group>"; };
		98FCD8BE2900F4AF00502E63 /* DiffableViewModel.swift */ = {isa = PBXFileReference; lastKnownFileType = sourcecode.swift; path = DiffableViewModel.swift; sourceTree = "<group>"; };
		98FCD8C229015AE900502E63 /* MVVMDiffableCollectionViewController.swift */ = {isa = PBXFileReference; lastKnownFileType = sourcecode.swift; path = MVVMDiffableCollectionViewController.swift; sourceTree = "<group>"; };
/* End PBXFileReference section */

/* Begin PBXFrameworksBuildPhase section */
		988563F528FE2734008DDEF6 /* Frameworks */ = {
			isa = PBXFrameworksBuildPhase;
			buildActionMask = 2147483647;
			files = (
				9886A75B290622A900F22641 /* RxSwift in Frameworks */,
				98D9B015290F77540063741B /* Differentiator in Frameworks */,
				98D9B012290F76A60063741B /* RxAlamofire in Frameworks */,
				98D9B017290F77540063741B /* RxDataSources in Frameworks */,
				9886A759290622A900F22641 /* RxCocoa in Frameworks */,
			);
			runOnlyForDeploymentPostprocessing = 0;
		};
/* End PBXFrameworksBuildPhase section */

/* Begin PBXGroup section */
		9807211029039A0000C20D4B /* Assignment(MVVM+Diffable) */ = {
			isa = PBXGroup;
			children = (
				980721132903AE1500C20D4B /* ListPhotosViewController.swift */,
				980721152903BAC100C20D4B /* GetSinglePhotoViewController.swift */,
				980721172903BAD000C20D4B /* GetRandomPhotoViewController.swift */,
			);
			path = "Assignment(MVVM+Diffable)";
			sourceTree = "<group>";
		};
		9807211D2903BEF500C20D4B /* ViewModel */ = {
			isa = PBXGroup;
			children = (
				98FCD8BE2900F4AF00502E63 /* DiffableViewModel.swift */,
				9831A41C2908BB5800DA2618 /* RxDiffableViewModel.swift */,
			);
			path = ViewModel;
			sourceTree = "<group>";
		};
		988563EF28FE2733008DDEF6 = {
			isa = PBXGroup;
			children = (
				9807211D2903BEF500C20D4B /* ViewModel */,
				9807211029039A0000C20D4B /* Assignment(MVVM+Diffable) */,
				988563F928FE2734008DDEF6 /* Products */,
				988563FA28FE2734008DDEF6 /* Week16,17 */,
			);
			sourceTree = "<group>";
		};
		988563F928FE2734008DDEF6 /* Products */ = {
			isa = PBXGroup;
			children = (
				988563F828FE2734008DDEF6 /* Week16,17.app */,
			);
			name = Products;
			sourceTree = "<group>";
		};
		988563FA28FE2734008DDEF6 /* Week16,17 */ = {
			isa = PBXGroup;
			children = (
				9886A75C290625A800F22641 /* Rx */,
				98C4963A2902C9FB003EDB6D /* CollectionListConfiguration */,
				98C496392902C9CA003EDB6D /* API */,
				98C496382902C9B8003EDB6D /* Codable */,
				98FCD8C42901755E00502E63 /* MVVM */,
				98FCD8A72900CD8D00502E63 /* MVVMSample */,
				988563FB28FE2734008DDEF6 /* AppDelegate.swift */,
				988563FD28FE2734008DDEF6 /* SceneDelegate.swift */,
				9885640128FE2734008DDEF6 /* Main.storyboard */,
				9885640428FE2739008DDEF6 /* Assets.xcassets */,
				9885640628FE2739008DDEF6 /* LaunchScreen.storyboard */,
				9885640928FE2739008DDEF6 /* Info.plist */,
			);
			path = "Week16,17";
			sourceTree = "<group>";
		};
		9886A75C290625A800F22641 /* Rx */ = {
			isa = PBXGroup;
			children = (
				98DCFB1B290A36AA0022252C /* Subscribe */,
				98DCFB1A290A36910022252C /* Subject */,
				98DCFB19290A367D0022252C /* News */,
				98DCFB18290A36690022252C /* Validation */,
				9886A75D290625CF00F22641 /* RxCocoaExampleViewController.swift */,
				9831A41A2908BABF00DA2618 /* RxMVVMDiffableCollectionViewController.swift */,
			);
			path = Rx;
			sourceTree = "<group>";
		};
		98C496382902C9B8003EDB6D /* Codable */ = {
			isa = PBXGroup;
			children = (
				98FCD8B62900EF8800502E63 /* SearchPhoto.swift */,
				980721112903A26100C20D4B /* ListPhotos.swift */,
				9807211B2903BD2F00C20D4B /* SinglePhoto.swift */,
				980721192903BD2300C20D4B /* RandomPhoto.swift */,
			);
			path = Codable;
			sourceTree = "<group>";
		};
		98C496392902C9CA003EDB6D /* API */ = {
			isa = PBXGroup;
			children = (
				98FCD8A52900C94D00502E63 /* APIKey.swift */,
				98FCD8B42900EE0400502E63 /* APIService.swift */,
			);
			path = API;
			sourceTree = "<group>";
		};
		98C4963A2902C9FB003EDB6D /* CollectionListConfiguration */ = {
			isa = PBXGroup;
			children = (
				9885640F28FE324A008DDEF6 /* SimpleTableViewController.swift */,
				9885641128FE3909008DDEF6 /* SimpleCollectionViewController.swift */,
				9846D19528FEBD0D006195FD /* PracticeCollectionViewController.swift */,
				98C069A128FF90880092337E /* DiffableCollectionViewController.swift */,
			);
			path = CollectionListConfiguration;
			sourceTree = "<group>";
		};
		98DCFB18290A36690022252C /* Validation */ = {
			isa = PBXGroup;
			children = (
				98DCFB14290A07F60022252C /* ValidationViewController.swift */,
				98DCFB16290A22DB0022252C /* ValidationViewModel.swift */,
			);
			path = Validation;
			sourceTree = "<group>";
		};
		98DCFB19290A367D0022252C /* News */ = {
			isa = PBXGroup;
			children = (
				9831A4162908B63F00DA2618 /* RxNewsViewModel.swift */,
				9831A4182908B7D500DA2618 /* RxNewsViewController.swift */,
			);
			path = News;
			sourceTree = "<group>";
		};
		98DCFB1A290A36910022252C /* Subject */ = {
			isa = PBXGroup;
			children = (
				989D4F0229077A4A007B608F /* SubjectViewController.swift */,
				989D4F04290788AD007B608F /* SubjectViewModel.swift */,
			);
			path = Subject;
			sourceTree = "<group>";
		};
		98DCFB1B290A36AA0022252C /* Subscribe */ = {
			isa = PBXGroup;
			children = (
				9831A41E2908CC0500DA2618 /* SubscribeViewController.swift */,
			);
			path = Subscribe;
			sourceTree = "<group>";
		};
		98FCD8A72900CD8D00502E63 /* MVVMSample */ = {
			isa = PBXGroup;
			children = (
				98FCD8A82900CF8D00502E63 /* CObservable.swift */,
				98FCD8AA2900D14300502E63 /* NewsViewController.swift */,
				98FCD8AE2900D27000502E63 /* NewsViewModel.swift */,
				98FCD8B02900D78200502E63 /* News.swift */,
			);
			path = MVVMSample;
			sourceTree = "<group>";
		};
		98FCD8C42901755E00502E63 /* MVVM */ = {
			isa = PBXGroup;
			children = (
				98FCD8C229015AE900502E63 /* MVVMDiffableCollectionViewController.swift */,
			);
			path = MVVM;
			sourceTree = "<group>";
		};
/* End PBXGroup section */

/* Begin PBXNativeTarget section */
		988563F728FE2734008DDEF6 /* Week16,17 */ = {
			isa = PBXNativeTarget;
			buildConfigurationList = 9885640C28FE2739008DDEF6 /* Build configuration list for PBXNativeTarget "Week16,17" */;
			buildPhases = (
				988563F428FE2734008DDEF6 /* Sources */,
				988563F528FE2734008DDEF6 /* Frameworks */,
				988563F628FE2734008DDEF6 /* Resources */,
			);
			buildRules = (
			);
			dependencies = (
			);
			name = "Week16,17";
			packageProductDependencies = (
				9886A758290622A900F22641 /* RxCocoa */,
				9886A75A290622A900F22641 /* RxSwift */,
				98D9B011290F76A60063741B /* RxAlamofire */,
				98D9B014290F77540063741B /* Differentiator */,
				98D9B016290F77540063741B /* RxDataSources */,
			);
			productName = "Week16,17";
			productReference = 988563F828FE2734008DDEF6 /* Week16,17.app */;
			productType = "com.apple.product-type.application";
		};
/* End PBXNativeTarget section */

/* Begin PBXProject section */
		988563F028FE2733008DDEF6 /* Project object */ = {
			isa = PBXProject;
			attributes = {
				BuildIndependentTargetsInParallel = 1;
				LastSwiftUpdateCheck = 1340;
				LastUpgradeCheck = 1340;
				TargetAttributes = {
					988563F728FE2734008DDEF6 = {
						CreatedOnToolsVersion = 13.4.1;
					};
				};
			};
			buildConfigurationList = 988563F328FE2733008DDEF6 /* Build configuration list for PBXProject "Week16,17" */;
			compatibilityVersion = "Xcode 13.0";
			developmentRegion = en;
			hasScannedForEncodings = 0;
			knownRegions = (
				en,
				Base,
			);
			mainGroup = 988563EF28FE2733008DDEF6;
			packageReferences = (
				9886A757290622A900F22641 /* XCRemoteSwiftPackageReference "RxSwift" */,
				98D9B010290F76A50063741B /* XCRemoteSwiftPackageReference "RxAlamofire" */,
				98D9B013290F77540063741B /* XCRemoteSwiftPackageReference "RxDataSources" */,
			);
			productRefGroup = 988563F928FE2734008DDEF6 /* Products */;
			projectDirPath = "";
			projectRoot = "";
			targets = (
				988563F728FE2734008DDEF6 /* Week16,17 */,
			);
		};
/* End PBXProject section */

/* Begin PBXResourcesBuildPhase section */
		988563F628FE2734008DDEF6 /* Resources */ = {
			isa = PBXResourcesBuildPhase;
			buildActionMask = 2147483647;
			files = (
				9885640828FE2739008DDEF6 /* LaunchScreen.storyboard in Resources */,
				9885640528FE2739008DDEF6 /* Assets.xcassets in Resources */,
				9885640328FE2734008DDEF6 /* Main.storyboard in Resources */,
			);
			runOnlyForDeploymentPostprocessing = 0;
		};
/* End PBXResourcesBuildPhase section */

/* Begin PBXSourcesBuildPhase section */
		988563F428FE2734008DDEF6 /* Sources */ = {
			isa = PBXSourcesBuildPhase;
			buildActionMask = 2147483647;
			files = (
				980721182903BAD000C20D4B /* GetRandomPhotoViewController.swift in Sources */,
				98FCD8A92900CF8D00502E63 /* CObservable.swift in Sources */,
				98C069A228FF90880092337E /* DiffableCollectionViewController.swift in Sources */,
				9831A41D2908BB5800DA2618 /* RxDiffableViewModel.swift in Sources */,
				9886A75E290625CF00F22641 /* RxCocoaExampleViewController.swift in Sources */,
				9831A4172908B63F00DA2618 /* RxNewsViewModel.swift in Sources */,
				9807211A2903BD2300C20D4B /* RandomPhoto.swift in Sources */,
				989D4F05290788AD007B608F /* SubjectViewModel.swift in Sources */,
				98FCD8C329015AE900502E63 /* MVVMDiffableCollectionViewController.swift in Sources */,
				98FCD8AB2900D14300502E63 /* NewsViewController.swift in Sources */,
				9831A4192908B7D500DA2618 /* RxNewsViewController.swift in Sources */,
				980721122903A26100C20D4B /* ListPhotos.swift in Sources */,
				989D4F0329077A4A007B608F /* SubjectViewController.swift in Sources */,
				98FCD8BF2900F4AF00502E63 /* DiffableViewModel.swift in Sources */,
				98FCD8A62900C94D00502E63 /* APIKey.swift in Sources */,
				9831A41F2908CC0500DA2618 /* SubscribeViewController.swift in Sources */,
				9885641228FE3909008DDEF6 /* SimpleCollectionViewController.swift in Sources */,
				98FCD8B12900D78200502E63 /* News.swift in Sources */,
				98FCD8AF2900D27000502E63 /* NewsViewModel.swift in Sources */,
				98DCFB15290A07F60022252C /* ValidationViewController.swift in Sources */,
				9807211C2903BD2F00C20D4B /* SinglePhoto.swift in Sources */,
				98FCD8B52900EE0400502E63 /* APIService.swift in Sources */,
				9831A41B2908BABF00DA2618 /* RxMVVMDiffableCollectionViewController.swift in Sources */,
				9885641028FE324A008DDEF6 /* SimpleTableViewController.swift in Sources */,
				98FCD8B72900EF8800502E63 /* SearchPhoto.swift in Sources */,
				9846D19628FEBD0D006195FD /* PracticeCollectionViewController.swift in Sources */,
				98DCFB17290A22DB0022252C /* ValidationViewModel.swift in Sources */,
				980721162903BAC100C20D4B /* GetSinglePhotoViewController.swift in Sources */,
				980721142903AE1500C20D4B /* ListPhotosViewController.swift in Sources */,
				988563FC28FE2734008DDEF6 /* AppDelegate.swift in Sources */,
				988563FE28FE2734008DDEF6 /* SceneDelegate.swift in Sources */,
			);
			runOnlyForDeploymentPostprocessing = 0;
		};
/* End PBXSourcesBuildPhase section */

/* Begin PBXVariantGroup section */
		9885640128FE2734008DDEF6 /* Main.storyboard */ = {
			isa = PBXVariantGroup;
			children = (
				9885640228FE2734008DDEF6 /* Base */,
			);
			name = Main.storyboard;
			sourceTree = "<group>";
		};
		9885640628FE2739008DDEF6 /* LaunchScreen.storyboard */ = {
			isa = PBXVariantGroup;
			children = (
				9885640728FE2739008DDEF6 /* Base */,
			);
			name = LaunchScreen.storyboard;
			sourceTree = "<group>";
		};
/* End PBXVariantGroup section */

/* Begin XCBuildConfiguration section */
		9885640A28FE2739008DDEF6 /* Debug */ = {
			isa = XCBuildConfiguration;
			buildSettings = {
				ALWAYS_SEARCH_USER_PATHS = NO;
				CLANG_ANALYZER_NONNULL = YES;
				CLANG_ANALYZER_NUMBER_OBJECT_CONVERSION = YES_AGGRESSIVE;
				CLANG_CXX_LANGUAGE_STANDARD = "gnu++17";
				CLANG_ENABLE_MODULES = YES;
				CLANG_ENABLE_OBJC_ARC = YES;
				CLANG_ENABLE_OBJC_WEAK = YES;
				CLANG_WARN_BLOCK_CAPTURE_AUTORELEASING = YES;
				CLANG_WARN_BOOL_CONVERSION = YES;
				CLANG_WARN_COMMA = YES;
				CLANG_WARN_CONSTANT_CONVERSION = YES;
				CLANG_WARN_DEPRECATED_OBJC_IMPLEMENTATIONS = YES;
				CLANG_WARN_DIRECT_OBJC_ISA_USAGE = YES_ERROR;
				CLANG_WARN_DOCUMENTATION_COMMENTS = YES;
				CLANG_WARN_EMPTY_BODY = YES;
				CLANG_WARN_ENUM_CONVERSION = YES;
				CLANG_WARN_INFINITE_RECURSION = YES;
				CLANG_WARN_INT_CONVERSION = YES;
				CLANG_WARN_NON_LITERAL_NULL_CONVERSION = YES;
				CLANG_WARN_OBJC_IMPLICIT_RETAIN_SELF = YES;
				CLANG_WARN_OBJC_LITERAL_CONVERSION = YES;
				CLANG_WARN_OBJC_ROOT_CLASS = YES_ERROR;
				CLANG_WARN_QUOTED_INCLUDE_IN_FRAMEWORK_HEADER = YES;
				CLANG_WARN_RANGE_LOOP_ANALYSIS = YES;
				CLANG_WARN_STRICT_PROTOTYPES = YES;
				CLANG_WARN_SUSPICIOUS_MOVE = YES;
				CLANG_WARN_UNGUARDED_AVAILABILITY = YES_AGGRESSIVE;
				CLANG_WARN_UNREACHABLE_CODE = YES;
				CLANG_WARN__DUPLICATE_METHOD_MATCH = YES;
				COPY_PHASE_STRIP = NO;
				DEBUG_INFORMATION_FORMAT = dwarf;
				ENABLE_STRICT_OBJC_MSGSEND = YES;
				ENABLE_TESTABILITY = YES;
				GCC_C_LANGUAGE_STANDARD = gnu11;
				GCC_DYNAMIC_NO_PIC = NO;
				GCC_NO_COMMON_BLOCKS = YES;
				GCC_OPTIMIZATION_LEVEL = 0;
				GCC_PREPROCESSOR_DEFINITIONS = (
					"DEBUG=1",
					"$(inherited)",
				);
				GCC_WARN_64_TO_32_BIT_CONVERSION = YES;
				GCC_WARN_ABOUT_RETURN_TYPE = YES_ERROR;
				GCC_WARN_UNDECLARED_SELECTOR = YES;
				GCC_WARN_UNINITIALIZED_AUTOS = YES_AGGRESSIVE;
				GCC_WARN_UNUSED_FUNCTION = YES;
				GCC_WARN_UNUSED_VARIABLE = YES;
				IPHONEOS_DEPLOYMENT_TARGET = 15.5;
				MTL_ENABLE_DEBUG_INFO = INCLUDE_SOURCE;
				MTL_FAST_MATH = YES;
				ONLY_ACTIVE_ARCH = YES;
				SDKROOT = iphoneos;
				SWIFT_ACTIVE_COMPILATION_CONDITIONS = DEBUG;
				SWIFT_OPTIMIZATION_LEVEL = "-Onone";
			};
			name = Debug;
		};
		9885640B28FE2739008DDEF6 /* Release */ = {
			isa = XCBuildConfiguration;
			buildSettings = {
				ALWAYS_SEARCH_USER_PATHS = NO;
				CLANG_ANALYZER_NONNULL = YES;
				CLANG_ANALYZER_NUMBER_OBJECT_CONVERSION = YES_AGGRESSIVE;
				CLANG_CXX_LANGUAGE_STANDARD = "gnu++17";
				CLANG_ENABLE_MODULES = YES;
				CLANG_ENABLE_OBJC_ARC = YES;
				CLANG_ENABLE_OBJC_WEAK = YES;
				CLANG_WARN_BLOCK_CAPTURE_AUTORELEASING = YES;
				CLANG_WARN_BOOL_CONVERSION = YES;
				CLANG_WARN_COMMA = YES;
				CLANG_WARN_CONSTANT_CONVERSION = YES;
				CLANG_WARN_DEPRECATED_OBJC_IMPLEMENTATIONS = YES;
				CLANG_WARN_DIRECT_OBJC_ISA_USAGE = YES_ERROR;
				CLANG_WARN_DOCUMENTATION_COMMENTS = YES;
				CLANG_WARN_EMPTY_BODY = YES;
				CLANG_WARN_ENUM_CONVERSION = YES;
				CLANG_WARN_INFINITE_RECURSION = YES;
				CLANG_WARN_INT_CONVERSION = YES;
				CLANG_WARN_NON_LITERAL_NULL_CONVERSION = YES;
				CLANG_WARN_OBJC_IMPLICIT_RETAIN_SELF = YES;
				CLANG_WARN_OBJC_LITERAL_CONVERSION = YES;
				CLANG_WARN_OBJC_ROOT_CLASS = YES_ERROR;
				CLANG_WARN_QUOTED_INCLUDE_IN_FRAMEWORK_HEADER = YES;
				CLANG_WARN_RANGE_LOOP_ANALYSIS = YES;
				CLANG_WARN_STRICT_PROTOTYPES = YES;
				CLANG_WARN_SUSPICIOUS_MOVE = YES;
				CLANG_WARN_UNGUARDED_AVAILABILITY = YES_AGGRESSIVE;
				CLANG_WARN_UNREACHABLE_CODE = YES;
				CLANG_WARN__DUPLICATE_METHOD_MATCH = YES;
				COPY_PHASE_STRIP = NO;
				DEBUG_INFORMATION_FORMAT = "dwarf-with-dsym";
				ENABLE_NS_ASSERTIONS = NO;
				ENABLE_STRICT_OBJC_MSGSEND = YES;
				GCC_C_LANGUAGE_STANDARD = gnu11;
				GCC_NO_COMMON_BLOCKS = YES;
				GCC_WARN_64_TO_32_BIT_CONVERSION = YES;
				GCC_WARN_ABOUT_RETURN_TYPE = YES_ERROR;
				GCC_WARN_UNDECLARED_SELECTOR = YES;
				GCC_WARN_UNINITIALIZED_AUTOS = YES_AGGRESSIVE;
				GCC_WARN_UNUSED_FUNCTION = YES;
				GCC_WARN_UNUSED_VARIABLE = YES;
				IPHONEOS_DEPLOYMENT_TARGET = 15.5;
				MTL_ENABLE_DEBUG_INFO = NO;
				MTL_FAST_MATH = YES;
				SDKROOT = iphoneos;
				SWIFT_COMPILATION_MODE = wholemodule;
				SWIFT_OPTIMIZATION_LEVEL = "-O";
				VALIDATE_PRODUCT = YES;
			};
			name = Release;
		};
		9885640D28FE2739008DDEF6 /* Debug */ = {
			isa = XCBuildConfiguration;
			buildSettings = {
				ASSETCATALOG_COMPILER_APPICON_NAME = AppIcon;
				ASSETCATALOG_COMPILER_GLOBAL_ACCENT_COLOR_NAME = AccentColor;
				CODE_SIGN_STYLE = Automatic;
				CURRENT_PROJECT_VERSION = 1;
				DEVELOPMENT_TEAM = VSHQ8JA888;
				GENERATE_INFOPLIST_FILE = YES;
				INFOPLIST_FILE = "Week16,17/Info.plist";
				INFOPLIST_KEY_UIApplicationSupportsIndirectInputEvents = YES;
				INFOPLIST_KEY_UILaunchStoryboardName = LaunchScreen;
				INFOPLIST_KEY_UIMainStoryboardFile = Main;
				INFOPLIST_KEY_UISupportedInterfaceOrientations_iPad = "UIInterfaceOrientationPortrait UIInterfaceOrientationPortraitUpsideDown UIInterfaceOrientationLandscapeLeft UIInterfaceOrientationLandscapeRight";
				INFOPLIST_KEY_UISupportedInterfaceOrientations_iPhone = "UIInterfaceOrientationPortrait UIInterfaceOrientationLandscapeLeft UIInterfaceOrientationLandscapeRight";
				LD_RUNPATH_SEARCH_PATHS = (
					"$(inherited)",
					"@executable_path/Frameworks",
				);
				MARKETING_VERSION = 1.0;
				PRODUCT_BUNDLE_IDENTIFIER = "com.taehwan.Week16-17";
				PRODUCT_NAME = "$(TARGET_NAME)";
				SWIFT_EMIT_LOC_STRINGS = YES;
				SWIFT_VERSION = 5.0;
				TARGETED_DEVICE_FAMILY = "1,2";
			};
			name = Debug;
		};
		9885640E28FE2739008DDEF6 /* Release */ = {
			isa = XCBuildConfiguration;
			buildSettings = {
				ASSETCATALOG_COMPILER_APPICON_NAME = AppIcon;
				ASSETCATALOG_COMPILER_GLOBAL_ACCENT_COLOR_NAME = AccentColor;
				CODE_SIGN_STYLE = Automatic;
				CURRENT_PROJECT_VERSION = 1;
				DEVELOPMENT_TEAM = VSHQ8JA888;
				GENERATE_INFOPLIST_FILE = YES;
				INFOPLIST_FILE = "Week16,17/Info.plist";
				INFOPLIST_KEY_UIApplicationSupportsIndirectInputEvents = YES;
				INFOPLIST_KEY_UILaunchStoryboardName = LaunchScreen;
				INFOPLIST_KEY_UIMainStoryboardFile = Main;
				INFOPLIST_KEY_UISupportedInterfaceOrientations_iPad = "UIInterfaceOrientationPortrait UIInterfaceOrientationPortraitUpsideDown UIInterfaceOrientationLandscapeLeft UIInterfaceOrientationLandscapeRight";
				INFOPLIST_KEY_UISupportedInterfaceOrientations_iPhone = "UIInterfaceOrientationPortrait UIInterfaceOrientationLandscapeLeft UIInterfaceOrientationLandscapeRight";
				LD_RUNPATH_SEARCH_PATHS = (
					"$(inherited)",
					"@executable_path/Frameworks",
				);
				MARKETING_VERSION = 1.0;
				PRODUCT_BUNDLE_IDENTIFIER = "com.taehwan.Week16-17";
				PRODUCT_NAME = "$(TARGET_NAME)";
				SWIFT_EMIT_LOC_STRINGS = YES;
				SWIFT_VERSION = 5.0;
				TARGETED_DEVICE_FAMILY = "1,2";
			};
			name = Release;
		};
/* End XCBuildConfiguration section */

/* Begin XCConfigurationList section */
		988563F328FE2733008DDEF6 /* Build configuration list for PBXProject "Week16,17" */ = {
			isa = XCConfigurationList;
			buildConfigurations = (
				9885640A28FE2739008DDEF6 /* Debug */,
				9885640B28FE2739008DDEF6 /* Release */,
			);
			defaultConfigurationIsVisible = 0;
			defaultConfigurationName = Release;
		};
		9885640C28FE2739008DDEF6 /* Build configuration list for PBXNativeTarget "Week16,17" */ = {
			isa = XCConfigurationList;
			buildConfigurations = (
				9885640D28FE2739008DDEF6 /* Debug */,
				9885640E28FE2739008DDEF6 /* Release */,
			);
			defaultConfigurationIsVisible = 0;
			defaultConfigurationName = Release;
		};
/* End XCConfigurationList section */

/* Begin XCRemoteSwiftPackageReference section */
		9886A757290622A900F22641 /* XCRemoteSwiftPackageReference "RxSwift" */ = {
			isa = XCRemoteSwiftPackageReference;
			repositoryURL = "https://github.com/ReactiveX/RxSwift.git";
			requirement = {
				kind = upToNextMajorVersion;
				minimumVersion = 6.0.0;
			};
		};
		98D9B010290F76A50063741B /* XCRemoteSwiftPackageReference "RxAlamofire" */ = {
			isa = XCRemoteSwiftPackageReference;
			repositoryURL = "https://github.com/RxSwiftCommunity/RxAlamofire.git";
			requirement = {
				kind = exactVersion;
				version = 6.1.2;
			};
		};
		98D9B013290F77540063741B /* XCRemoteSwiftPackageReference "RxDataSources" */ = {
			isa = XCRemoteSwiftPackageReference;
			repositoryURL = "https://github.com/RxSwiftCommunity/RxDataSources.git";
			requirement = {
				kind = upToNextMajorVersion;
				minimumVersion = 5.0.0;
			};
		};
/* End XCRemoteSwiftPackageReference section */

/* Begin XCSwiftPackageProductDependency section */
		9886A758290622A900F22641 /* RxCocoa */ = {
			isa = XCSwiftPackageProductDependency;
			package = 9886A757290622A900F22641 /* XCRemoteSwiftPackageReference "RxSwift" */;
			productName = RxCocoa;
		};
		9886A75A290622A900F22641 /* RxSwift */ = {
			isa = XCSwiftPackageProductDependency;
			package = 9886A757290622A900F22641 /* XCRemoteSwiftPackageReference "RxSwift" */;
			productName = RxSwift;
		};
		98D9B011290F76A60063741B /* RxAlamofire */ = {
			isa = XCSwiftPackageProductDependency;
			package = 98D9B010290F76A50063741B /* XCRemoteSwiftPackageReference "RxAlamofire" */;
			productName = RxAlamofire;
		};
		98D9B014290F77540063741B /* Differentiator */ = {
			isa = XCSwiftPackageProductDependency;
			package = 98D9B013290F77540063741B /* XCRemoteSwiftPackageReference "RxDataSources" */;
			productName = Differentiator;
		};
		98D9B016290F77540063741B /* RxDataSources */ = {
			isa = XCSwiftPackageProductDependency;
			package = 98D9B013290F77540063741B /* XCRemoteSwiftPackageReference "RxDataSources" */;
			productName = RxDataSources;
		};
/* End XCSwiftPackageProductDependency section */
	};
	rootObject = 988563F028FE2733008DDEF6 /* Project object */;
}
